
Microsoft Visual Studio Solution File, Format Version 12.00
# Visual Studio 15
VisualStudioVersion = 15.0.28010.2046
MinimumVisualStudioVersion = 10.0.40219.1
Project("{FAE04EC0-301F-11D3-BF4B-00C04F79EFBC}") = "PrepaidCardService", "PrepaidCardService\PrepaidCardService.csproj", "{5EDADC0B-EEFB-46FF-B0B1-BC68BBB68945}"
EndProject
Global
	GlobalSection(SolutionConfigurationPlatforms) = preSolution
		Debug|Any CPU = Debug|Any CPU
		Release|Any CPU = Release|Any CPU
	EndGlobalSection
	GlobalSection(ProjectConfigurationPlatforms) = postSolution
		{5EDADC0B-EEFB-46FF-B0B1-BC68BBB68945}.Debug|Any CPU.ActiveCfg = Debug|Any CPU
		{5EDADC0B-EEFB-46FF-B0B1-BC68BBB68945}.Debug|Any CPU.Build.0 = Debug|Any CPU
		{5EDADC0B-EEFB-46FF-B0B1-BC68BBB68945}.Release|Any CPU.ActiveCfg = Release|Any CPU
		{5EDADC0B-EEFB-46FF-B0B1-BC68BBB68945}.Release|Any CPU.Build.0 = Release|Any CPU
	EndGlobalSection
	GlobalSection(SolutionProperties) = preSolution
		HideSolutionNode = FALSE
	EndGlobalSection
	GlobalSection(ExtensibilityGlobals) = postSolution
		SolutionGuid = {A1E89BD8-FE59-4200-A8A2-C688D5B3C46B}
	EndGlobalSection
EndGlobal
